hash: 586d4a482b90462225020e72283d0db47c71fa8841d79d02ec4c7d8b7f7a64c6
updated: 2016-03-28T12:59:57.829312053-04:00
imports:
- name: github.com/boltdb/bolt
  version: 831b652a7f8dbefaf94da0eb66abd46c0c4bcf23
- name: github.com/golang/glog
  version: 23def4e6c14b4da8ac2ed8007337bc5eb5007998
- name: github.com/golang/protobuf
  version: 8d92cf5fc15a4382f8964b08e1f42a75c0591aa3
  subpackages:
  - proto
- name: github.com/spf13/cobra
  version: c678ff029ee250b65714e518f4f5c5cb934955de
- name: github.com/spf13/pflag
  version: 7f60f83a2c81bc3c3c0d5297f61ddfa68da9d3b7
- name: golang.org/x/net
  version: 1dd0d85fc0634d2dbe7f7d06d176c2ff548e6332
  subpackages:
  - context
  - http2
  - trace
  - http2/hpack
  - internal/timeseries
- name: google.golang.org/grpc
  version: 9e3a674ceba65708273cf1cd8e71a1bdce68107b
  subpackages:
  - grpclog/glogger
  - codes
  - credentials
  - grpclog
  - internal
  - metadata
  - naming
  - transport
  - peer
devImports: []
